// !$*UTF8*$!
{
	archiveVersion = 1;
	classes = {
	};
	objectVersion = 56;
	objects = {

/* Begin PBXBuildFile section */
		7CA52A8B299248E7001D9FE5 /* GameStoryboard.storyboard in Resources */ = {isa = PBXBuildFile; fileRef = 7CA52A8A299248E7001D9FE5 /* GameStoryboard.storyboard */; };
		7CA52A8D299248EE001D9FE5 /* GameViewController.swift in Sources */ = {isa = PBXBuildFile; fileRef = 7CA52A8C299248EE001D9FE5 /* GameViewController.swift */; };
		87708B96299176A4009A4EE5 /* RulesViewController.swift in Sources */ = {isa = PBXBuildFile; fileRef = 87708B95299176A4009A4EE5 /* RulesViewController.swift */; };
		877F8C1629937BEF00ED3C5F /* AudioPlayer.swift in Sources */ = {isa = PBXBuildFile; fileRef = 877F8C1529937BEF00ED3C5F /* AudioPlayer.swift */; };
		8791031C2990FD6D00E6CE83 /* AppDelegate.swift in Sources */ = {isa = PBXBuildFile; fileRef = 8791031B2990FD6D00E6CE83 /* AppDelegate.swift */; };
		8791031E2990FD6D00E6CE83 /* SceneDelegate.swift in Sources */ = {isa = PBXBuildFile; fileRef = 8791031D2990FD6D00E6CE83 /* SceneDelegate.swift */; };
		879103202990FD6D00E6CE83 /* ViewController.swift in Sources */ = {isa = PBXBuildFile; fileRef = 8791031F2990FD6D00E6CE83 /* ViewController.swift */; };
		879103252990FD6E00E6CE83 /* Assets.xcassets in Resources */ = {isa = PBXBuildFile; fileRef = 879103242990FD6E00E6CE83 /* Assets.xcassets */; };
		879103392990FF7A00E6CE83 /* correctAnswer.wav in Resources */ = {isa = PBXBuildFile; fileRef = 879103342990FF7900E6CE83 /* correctAnswer.wav */; };
		8791033A2990FF7A00E6CE83 /* wrongAnswer.wav in Resources */ = {isa = PBXBuildFile; fileRef = 879103352990FF7900E6CE83 /* wrongAnswer.wav */; };
		8791033B2990FF7A00E6CE83 /* win.wav in Resources */ = {isa = PBXBuildFile; fileRef = 879103362990FF7900E6CE83 /* win.wav */; };
		8791033C2990FF7A00E6CE83 /* answerAccepted.wav in Resources */ = {isa = PBXBuildFile; fileRef = 879103372990FF7A00E6CE83 /* answerAccepted.wav */; };
		8791033D2990FF7A00E6CE83 /* timer.wav in Resources */ = {isa = PBXBuildFile; fileRef = 879103382990FF7A00E6CE83 /* timer.wav */; };
		87BE26832991049900BAFB28 /* RulesStoryboard.storyboard in Resources */ = {isa = PBXBuildFile; fileRef = 87BE26822991049900BAFB28 /* RulesStoryboard.storyboard */; };
		C632C0CE299158A7005E66ED /* Main.storyboard in Resources */ = {isa = PBXBuildFile; fileRef = C632C0CD299158A7005E66ED /* Main.storyboard */; };
		C632C0D029915A0A005E66ED /* LaunchScreen.storyboard in Resources */ = {isa = PBXBuildFile; fileRef = C632C0CF29915A0A005E66ED /* LaunchScreen.storyboard */; };
		FC3CEB9D299248BC008FFC5A /* questions.json in Resources */ = {isa = PBXBuildFile; fileRef = FC3CEB9B299248BC008FFC5A /* questions.json */; };
		FC3CEBA1299248D3008FFC5A /* QuizBrain.swift in Sources */ = {isa = PBXBuildFile; fileRef = FC3CEB9E299248D3008FFC5A /* QuizBrain.swift */; };
		FC3CEBA2299248D3008FFC5A /* Question.swift in Sources */ = {isa = PBXBuildFile; fileRef = FC3CEB9F299248D3008FFC5A /* Question.swift */; };
		FCCA7D38299154D1004E460B /* QuestionsViewController.swift in Sources */ = {isa = PBXBuildFile; fileRef = FCCA7D37299154D1004E460B /* QuestionsViewController.swift */; };
		FCCA7D3A299154EA004E460B /* QuestionsStoryboard.storyboard in Resources */ = {isa = PBXBuildFile; fileRef = FCCA7D39299154EA004E460B /* QuestionsStoryboard.storyboard */; };
/* End PBXBuildFile section */

/* Begin PBXFileReference section */
		7CA52A8A299248E7001D9FE5 /* GameStoryboard.storyboard */ = {isa = PBXFileReference; fileEncoding = 4; lastKnownFileType = file.storyboard; path = GameStoryboard.storyboard; sourceTree = "<group>"; };
		7CA52A8C299248EE001D9FE5 /* GameViewController.swift */ = {isa = PBXFileReference; fileEncoding = 4; lastKnownFileType = sourcecode.swift; path = GameViewController.swift; sourceTree = "<group>"; };
		87708B95299176A4009A4EE5 /* RulesViewController.swift */ = {isa = PBXFileReference; lastKnownFileType = sourcecode.swift; path = RulesViewController.swift; sourceTree = "<group>"; };
		877F8C1529937BEF00ED3C5F /* AudioPlayer.swift */ = {isa = PBXFileReference; lastKnownFileType = sourcecode.swift; path = AudioPlayer.swift; sourceTree = "<group>"; };
		879103182990FD6D00E6CE83 /* Millionaire.app */ = {isa = PBXFileReference; explicitFileType = wrapper.application; includeInIndex = 0; path = Millionaire.app; sourceTree = BUILT_PRODUCTS_DIR; };
		8791031B2990FD6D00E6CE83 /* AppDelegate.swift */ = {isa = PBXFileReference; lastKnownFileType = sourcecode.swift; path = AppDelegate.swift; sourceTree = "<group>"; };
		8791031D2990FD6D00E6CE83 /* SceneDelegate.swift */ = {isa = PBXFileReference; lastKnownFileType = sourcecode.swift; path = SceneDelegate.swift; sourceTree = "<group>"; };
		8791031F2990FD6D00E6CE83 /* ViewController.swift */ = {isa = PBXFileReference; lastKnownFileType = sourcecode.swift; path = ViewController.swift; sourceTree = "<group>"; };
		879103242990FD6E00E6CE83 /* Assets.xcassets */ = {isa = PBXFileReference; lastKnownFileType = folder.assetcatalog; path = Assets.xcassets; sourceTree = "<group>"; };
		879103292990FD6E00E6CE83 /* Info.plist */ = {isa = PBXFileReference; lastKnownFileType = text.plist.xml; path = Info.plist; sourceTree = "<group>"; };
		879103342990FF7900E6CE83 /* correctAnswer.wav */ = {isa = PBXFileReference; lastKnownFileType = audio.wav; path = correctAnswer.wav; sourceTree = "<group>"; };
		879103352990FF7900E6CE83 /* wrongAnswer.wav */ = {isa = PBXFileReference; lastKnownFileType = audio.wav; path = wrongAnswer.wav; sourceTree = "<group>"; };
		879103362990FF7900E6CE83 /* win.wav */ = {isa = PBXFileReference; lastKnownFileType = audio.wav; path = win.wav; sourceTree = "<group>"; };
		879103372990FF7A00E6CE83 /* answerAccepted.wav */ = {isa = PBXFileReference; lastKnownFileType = audio.wav; path = answerAccepted.wav; sourceTree = "<group>"; };
		879103382990FF7A00E6CE83 /* timer.wav */ = {isa = PBXFileReference; lastKnownFileType = audio.wav; path = timer.wav; sourceTree = "<group>"; };
		87BE26822991049900BAFB28 /* RulesStoryboard.storyboard */ = {isa = PBXFileReference; fileEncoding = 4; lastKnownFileType = file.storyboard; path = RulesStoryboard.storyboard; sourceTree = "<group>"; };
		C632C0CD299158A7005E66ED /* Main.storyboard */ = {isa = PBXFileReference; fileEncoding = 4; lastKnownFileType = file.storyboard; path = Main.storyboard; sourceTree = "<group>"; };
		C632C0CF29915A0A005E66ED /* LaunchScreen.storyboard */ = {isa = PBXFileReference; fileEncoding = 4; lastKnownFileType = file.storyboard; path = LaunchScreen.storyboard; sourceTree = "<group>"; };
		FC3CEB9B299248BC008FFC5A /* questions.json */ = {isa = PBXFileReference; fileEncoding = 4; lastKnownFileType = text.json; path = questions.json; sourceTree = "<group>"; };
		FC3CEB9E299248D3008FFC5A /* QuizBrain.swift */ = {isa = PBXFileReference; fileEncoding = 4; lastKnownFileType = sourcecode.swift; path = QuizBrain.swift; sourceTree = "<group>"; };
		FC3CEB9F299248D3008FFC5A /* Question.swift */ = {isa = PBXFileReference; fileEncoding = 4; lastKnownFileType = sourcecode.swift; path = Question.swift; sourceTree = "<group>"; };
		FCCA7D37299154D1004E460B /* QuestionsViewController.swift */ = {isa = PBXFileReference; fileEncoding = 4; lastKnownFileType = sourcecode.swift; path = QuestionsViewController.swift; sourceTree = "<group>"; };
		FCCA7D39299154EA004E460B /* QuestionsStoryboard.storyboard */ = {isa = PBXFileReference; fileEncoding = 4; lastKnownFileType = file.storyboard; path = QuestionsStoryboard.storyboard; sourceTree = "<group>"; };
/* End PBXFileReference section */

/* Begin PBXFrameworksBuildPhase section */
		879103152990FD6D00E6CE83 /* Frameworks */ = {
			isa = PBXFrameworksBuildPhase;
			buildActionMask = 2147483647;
			files = (
			);
			runOnlyForDeploymentPostprocessing = 0;
		};
/* End PBXFrameworksBuildPhase section */

/* Begin PBXGroup section */
		8791030F2990FD6D00E6CE83 = {
			isa = PBXGroup;
			children = (
				8791031A2990FD6D00E6CE83 /* Millionaire */,
				879103192990FD6D00E6CE83 /* Products */,
			);
			sourceTree = "<group>";
		};
		879103192990FD6D00E6CE83 /* Products */ = {
			isa = PBXGroup;
			children = (
				879103182990FD6D00E6CE83 /* Millionaire.app */,
			);
			name = Products;
			sourceTree = "<group>";
		};
		8791031A2990FD6D00E6CE83 /* Millionaire */ = {
			isa = PBXGroup;
			children = (
				8791032F2990FDF100E6CE83 /* App */,
				879103322990FE0C00E6CE83 /* Model */,
				879103312990FE0300E6CE83 /* Views */,
				879103302990FDFA00E6CE83 /* Controllers */,
				879103332990FED500E6CE83 /* Sounds */,
				879103242990FD6E00E6CE83 /* Assets.xcassets */,
				C632C0CF29915A0A005E66ED /* LaunchScreen.storyboard */,
				879103292990FD6E00E6CE83 /* Info.plist */,
			);
			path = Millionaire;
			sourceTree = "<group>";
		};
		8791032F2990FDF100E6CE83 /* App */ = {
			isa = PBXGroup;
			children = (
				8791031B2990FD6D00E6CE83 /* AppDelegate.swift */,
				8791031D2990FD6D00E6CE83 /* SceneDelegate.swift */,
			);
			path = App;
			sourceTree = "<group>";
		};
		879103302990FDFA00E6CE83 /* Controllers */ = {
			isa = PBXGroup;
			children = (
				FCCA7D37299154D1004E460B /* QuestionsViewController.swift */,
				8791031F2990FD6D00E6CE83 /* ViewController.swift */,
				87708B95299176A4009A4EE5 /* RulesViewController.swift */,
				7CA52A8C299248EE001D9FE5 /* GameViewController.swift */,
			);
			path = Controllers;
			sourceTree = "<group>";
		};
		879103312990FE0300E6CE83 /* Views */ = {
			isa = PBXGroup;
			children = (
				C632C0CD299158A7005E66ED /* Main.storyboard */,
				FCCA7D39299154EA004E460B /* QuestionsStoryboard.storyboard */,
				87BE26822991049900BAFB28 /* RulesStoryboard.storyboard */,
				7CA52A8A299248E7001D9FE5 /* GameStoryboard.storyboard */,
			);
			path = Views;
			sourceTree = "<group>";
		};
		879103322990FE0C00E6CE83 /* Model */ = {
			isa = PBXGroup;
			children = (
				FC3CEB9F299248D3008FFC5A /* Question.swift */,
				FC3CEB9E299248D3008FFC5A /* QuizBrain.swift */,
				FC3CEB9B299248BC008FFC5A /* questions.json */,
				877F8C1529937BEF00ED3C5F /* AudioPlayer.swift */,
			);
			path = Model;
			sourceTree = "<group>";
		};
		879103332990FED500E6CE83 /* Sounds */ = {
			isa = PBXGroup;
			children = (
				879103372990FF7A00E6CE83 /* answerAccepted.wav */,
				879103342990FF7900E6CE83 /* correctAnswer.wav */,
				879103382990FF7A00E6CE83 /* timer.wav */,
				879103362990FF7900E6CE83 /* win.wav */,
				879103352990FF7900E6CE83 /* wrongAnswer.wav */,
			);
			path = Sounds;
			sourceTree = "<group>";
		};
/* End PBXGroup section */

/* Begin PBXNativeTarget section */
		879103172990FD6D00E6CE83 /* Millionaire */ = {
			isa = PBXNativeTarget;
			buildConfigurationList = 8791032C2990FD6E00E6CE83 /* Build configuration list for PBXNativeTarget "Millionaire" */;
			buildPhases = (
				879103142990FD6D00E6CE83 /* Sources */,
				879103152990FD6D00E6CE83 /* Frameworks */,
				879103162990FD6D00E6CE83 /* Resources */,
			);
			buildRules = (
			);
			dependencies = (
			);
			name = Millionaire;
			productName = Millionaire;
			productReference = 879103182990FD6D00E6CE83 /* Millionaire.app */;
			productType = "com.apple.product-type.application";
		};
/* End PBXNativeTarget section */

/* Begin PBXProject section */
		879103102990FD6D00E6CE83 /* Project object */ = {
			isa = PBXProject;
			attributes = {
				BuildIndependentTargetsInParallel = 1;
				LastSwiftUpdateCheck = 1420;
				LastUpgradeCheck = 1420;
				TargetAttributes = {
					879103172990FD6D00E6CE83 = {
						CreatedOnToolsVersion = 14.2;
					};
				};
			};
			buildConfigurationList = 879103132990FD6D00E6CE83 /* Build configuration list for PBXProject "Millionaire" */;
			compatibilityVersion = "Xcode 14.0";
			developmentRegion = en;
			hasScannedForEncodings = 0;
			knownRegions = (
				en,
				Base,
			);
			mainGroup = 8791030F2990FD6D00E6CE83;
			productRefGroup = 879103192990FD6D00E6CE83 /* Products */;
			projectDirPath = "";
			projectRoot = "";
			targets = (
				879103172990FD6D00E6CE83 /* Millionaire */,
			);
		};
/* End PBXProject section */

/* Begin PBXResourcesBuildPhase section */
		879103162990FD6D00E6CE83 /* Resources */ = {
			isa = PBXResourcesBuildPhase;
			buildActionMask = 2147483647;
			files = (
				8791033D2990FF7A00E6CE83 /* timer.wav in Resources */,
				8791033C2990FF7A00E6CE83 /* answerAccepted.wav in Resources */,
				879103252990FD6E00E6CE83 /* Assets.xcassets in Resources */,
				87BE26832991049900BAFB28 /* RulesStoryboard.storyboard in Resources */,
				7CA52A8B299248E7001D9FE5 /* GameStoryboard.storyboard in Resources */,
				C632C0CE299158A7005E66ED /* Main.storyboard in Resources */,
				8791033A2990FF7A00E6CE83 /* wrongAnswer.wav in Resources */,
				FC3CEB9D299248BC008FFC5A /* questions.json in Resources */,
				8791033B2990FF7A00E6CE83 /* win.wav in Resources */,
				FCCA7D3A299154EA004E460B /* QuestionsStoryboard.storyboard in Resources */,
				C632C0D029915A0A005E66ED /* LaunchScreen.storyboard in Resources */,
				879103392990FF7A00E6CE83 /* correctAnswer.wav in Resources */,
			);
			runOnlyForDeploymentPostprocessing = 0;
		};
/* End PBXResourcesBuildPhase section */

/* Begin PBXSourcesBuildPhase section */
		879103142990FD6D00E6CE83 /* Sources */ = {
			isa = PBXSourcesBuildPhase;
			buildActionMask = 2147483647;
			files = (
				87708B96299176A4009A4EE5 /* RulesViewController.swift in Sources */,
				FC3CEBA2299248D3008FFC5A /* Question.swift in Sources */,
				879103202990FD6D00E6CE83 /* ViewController.swift in Sources */,
				FC3CEBA1299248D3008FFC5A /* QuizBrain.swift in Sources */,
				FCCA7D38299154D1004E460B /* QuestionsViewController.swift in Sources */,
				8791031C2990FD6D00E6CE83 /* AppDelegate.swift in Sources */,
				7CA52A8D299248EE001D9FE5 /* GameViewController.swift in Sources */,
				877F8C1629937BEF00ED3C5F /* AudioPlayer.swift in Sources */,
				8791031E2990FD6D00E6CE83 /* SceneDelegate.swift in Sources */,
			);
			runOnlyForDeploymentPostprocessing = 0;
		};
/* End PBXSourcesBuildPhase section */

/* Begin XCBuildConfiguration section */
		8791032A2990FD6E00E6CE83 /* Debug */ = {
			isa = XCBuildConfiguration;
			buildSettings = {
				ALWAYS_SEARCH_USER_PATHS = NO;
				CLANG_ANALYZER_NONNULL = YES;
				CLANG_ANALYZER_NUMBER_OBJECT_CONVERSION = YES_AGGRESSIVE;
				CLANG_CXX_LANGUAGE_STANDARD = "gnu++20";
				CLANG_ENABLE_MODULES = YES;
				CLANG_ENABLE_OBJC_ARC = YES;
				CLANG_ENABLE_OBJC_WEAK = YES;
				CLANG_WARN_BLOCK_CAPTURE_AUTORELEASING = YES;
				CLANG_WARN_BOOL_CONVERSION = YES;
				CLANG_WARN_COMMA = YES;
				CLANG_WARN_CONSTANT_CONVERSION = YES;
				CLANG_WARN_DEPRECATED_OBJC_IMPLEMENTATIONS = YES;
				CLANG_WARN_DIRECT_OBJC_ISA_USAGE = YES_ERROR;
				CLANG_WARN_DOCUMENTATION_COMMENTS = YES;
				CLANG_WARN_EMPTY_BODY = YES;
				CLANG_WARN_ENUM_CONVERSION = YES;
				CLANG_WARN_INFINITE_RECURSION = YES;
				CLANG_WARN_INT_CONVERSION = YES;
				CLANG_WARN_NON_LITERAL_NULL_CONVERSION = YES;
				CLANG_WARN_OBJC_IMPLICIT_RETAIN_SELF = YES;
				CLANG_WARN_OBJC_LITERAL_CONVERSION = YES;
				CLANG_WARN_OBJC_ROOT_CLASS = YES_ERROR;
				CLANG_WARN_QUOTED_INCLUDE_IN_FRAMEWORK_HEADER = YES;
				CLANG_WARN_RANGE_LOOP_ANALYSIS = YES;
				CLANG_WARN_STRICT_PROTOTYPES = YES;
				CLANG_WARN_SUSPICIOUS_MOVE = YES;
				CLANG_WARN_UNGUARDED_AVAILABILITY = YES_AGGRESSIVE;
				CLANG_WARN_UNREACHABLE_CODE = YES;
				CLANG_WARN__DUPLICATE_METHOD_MATCH = YES;
				COPY_PHASE_STRIP = NO;
				DEBUG_INFORMATION_FORMAT = dwarf;
				ENABLE_STRICT_OBJC_MSGSEND = YES;
				ENABLE_TESTABILITY = YES;
				GCC_C_LANGUAGE_STANDARD = gnu11;
				GCC_DYNAMIC_NO_PIC = NO;
				GCC_NO_COMMON_BLOCKS = YES;
				GCC_OPTIMIZATION_LEVEL = 0;
				GCC_PREPROCESSOR_DEFINITIONS = (
					"DEBUG=1",
					"$(inherited)",
				);
				GCC_WARN_64_TO_32_BIT_CONVERSION = YES;
				GCC_WARN_ABOUT_RETURN_TYPE = YES_ERROR;
				GCC_WARN_UNDECLARED_SELECTOR = YES;
				GCC_WARN_UNINITIALIZED_AUTOS = YES_AGGRESSIVE;
				GCC_WARN_UNUSED_FUNCTION = YES;
				GCC_WARN_UNUSED_VARIABLE = YES;
				IPHONEOS_DEPLOYMENT_TARGET = 16.2;
				MTL_ENABLE_DEBUG_INFO = INCLUDE_SOURCE;
				MTL_FAST_MATH = YES;
				ONLY_ACTIVE_ARCH = YES;
				SDKROOT = iphoneos;
				SWIFT_ACTIVE_COMPILATION_CONDITIONS = DEBUG;
				SWIFT_OPTIMIZATION_LEVEL = "-Onone";
			};
			name = Debug;
		};
		8791032B2990FD6E00E6CE83 /* Release */ = {
			isa = XCBuildConfiguration;
			buildSettings = {
				ALWAYS_SEARCH_USER_PATHS = NO;
				CLANG_ANALYZER_NONNULL = YES;
				CLANG_ANALYZER_NUMBER_OBJECT_CONVERSION = YES_AGGRESSIVE;
				CLANG_CXX_LANGUAGE_STANDARD = "gnu++20";
				CLANG_ENABLE_MODULES = YES;
				CLANG_ENABLE_OBJC_ARC = YES;
				CLANG_ENABLE_OBJC_WEAK = YES;
				CLANG_WARN_BLOCK_CAPTURE_AUTORELEASING = YES;
				CLANG_WARN_BOOL_CONVERSION = YES;
				CLANG_WARN_COMMA = YES;
				CLANG_WARN_CONSTANT_CONVERSION = YES;
				CLANG_WARN_DEPRECATED_OBJC_IMPLEMENTATIONS = YES;
				CLANG_WARN_DIRECT_OBJC_ISA_USAGE = YES_ERROR;
				CLANG_WARN_DOCUMENTATION_COMMENTS = YES;
				CLANG_WARN_EMPTY_BODY = YES;
				CLANG_WARN_ENUM_CONVERSION = YES;
				CLANG_WARN_INFINITE_RECURSION = YES;
				CLANG_WARN_INT_CONVERSION = YES;
				CLANG_WARN_NON_LITERAL_NULL_CONVERSION = YES;
				CLANG_WARN_OBJC_IMPLICIT_RETAIN_SELF = YES;
				CLANG_WARN_OBJC_LITERAL_CONVERSION = YES;
				CLANG_WARN_OBJC_ROOT_CLASS = YES_ERROR;
				CLANG_WARN_QUOTED_INCLUDE_IN_FRAMEWORK_HEADER = YES;
				CLANG_WARN_RANGE_LOOP_ANALYSIS = YES;
				CLANG_WARN_STRICT_PROTOTYPES = YES;
				CLANG_WARN_SUSPICIOUS_MOVE = YES;
				CLANG_WARN_UNGUARDED_AVAILABILITY = YES_AGGRESSIVE;
				CLANG_WARN_UNREACHABLE_CODE = YES;
				CLANG_WARN__DUPLICATE_METHOD_MATCH = YES;
				COPY_PHASE_STRIP = NO;
				DEBUG_INFORMATION_FORMAT = "dwarf-with-dsym";
				ENABLE_NS_ASSERTIONS = NO;
				ENABLE_STRICT_OBJC_MSGSEND = YES;
				GCC_C_LANGUAGE_STANDARD = gnu11;
				GCC_NO_COMMON_BLOCKS = YES;
				GCC_WARN_64_TO_32_BIT_CONVERSION = YES;
				GCC_WARN_ABOUT_RETURN_TYPE = YES_ERROR;
				GCC_WARN_UNDECLARED_SELECTOR = YES;
				GCC_WARN_UNINITIALIZED_AUTOS = YES_AGGRESSIVE;
				GCC_WARN_UNUSED_FUNCTION = YES;
				GCC_WARN_UNUSED_VARIABLE = YES;
				IPHONEOS_DEPLOYMENT_TARGET = 16.2;
				MTL_ENABLE_DEBUG_INFO = NO;
				MTL_FAST_MATH = YES;
				SDKROOT = iphoneos;
				SWIFT_COMPILATION_MODE = wholemodule;
				SWIFT_OPTIMIZATION_LEVEL = "-O";
				VALIDATE_PRODUCT = YES;
			};
			name = Release;
		};
		8791032D2990FD6E00E6CE83 /* Debug */ = {
			isa = XCBuildConfiguration;
			buildSettings = {
				ASSETCATALOG_COMPILER_APPICON_NAME = AppIcon;
				ASSETCATALOG_COMPILER_GLOBAL_ACCENT_COLOR_NAME = AccentColor;
				CODE_SIGN_STYLE = Automatic;
				CURRENT_PROJECT_VERSION = 1;
				DEVELOPMENT_TEAM = XZM6LJA6AB;
				GENERATE_INFOPLIST_FILE = YES;
				INFOPLIST_FILE = Millionaire/Info.plist;
				INFOPLIST_KEY_UIApplicationSupportsIndirectInputEvents = YES;
				INFOPLIST_KEY_UILaunchStoryboardName = LaunchScreen;
				INFOPLIST_KEY_UIMainStoryboardFile = Main;
				INFOPLIST_KEY_UISupportedInterfaceOrientations = UIInterfaceOrientationPortrait;
				INFOPLIST_KEY_UISupportedInterfaceOrientations_iPad = "UIInterfaceOrientationLandscapeLeft UIInterfaceOrientationLandscapeRight UIInterfaceOrientationPortrait UIInterfaceOrientationPortraitUpsideDown";
				IPHONEOS_DEPLOYMENT_TARGET = 13.0;
				LD_RUNPATH_SEARCH_PATHS = (
					"$(inherited)",
					"@executable_path/Frameworks",
				);
				MARKETING_VERSION = 1.0;
				PRODUCT_BUNDLE_IDENTIFIER = com.ojidaemo.Millionaire;
				PRODUCT_NAME = "$(TARGET_NAME)";
				SUPPORTED_PLATFORMS = "iphoneos iphonesimulator";
				SUPPORTS_MACCATALYST = NO;
				SUPPORTS_MAC_DESIGNED_FOR_IPHONE_IPAD = NO;
				SWIFT_EMIT_LOC_STRINGS = YES;
				SWIFT_VERSION = 5.0;
				TARGETED_DEVICE_FAMILY = 1;
			};
			name = Debug;
		};
		8791032E2990FD6E00E6CE83 /* Release */ = {
			isa = XCBuildConfiguration;
			buildSettings = {
				ASSETCATALOG_COMPILER_APPICON_NAME = AppIcon;
				ASSETCATALOG_COMPILER_GLOBAL_ACCENT_COLOR_NAME = AccentColor;
				CODE_SIGN_STYLE = Automatic;
				CURRENT_PROJECT_VERSION = 1;
				DEVELOPMENT_TEAM = XZM6LJA6AB;
				GENERATE_INFOPLIST_FILE = YES;
				INFOPLIST_FILE = Millionaire/Info.plist;
				INFOPLIST_KEY_UIApplicationSupportsIndirectInputEvents = YES;
				INFOPLIST_KEY_UILaunchStoryboardName = LaunchScreen;
				INFOPLIST_KEY_UIMainStoryboardFile = Main;
				INFOPLIST_KEY_UISupportedInterfaceOrientations = UIInterfaceOrientationPortrait;
				INFOPLIST_KEY_UISupportedInterfaceOrientations_iPad = "UIInterfaceOrientationLandscapeLeft UIInterfaceOrientationLandscapeRight UIInterfaceOrientationPortrait UIInterfaceOrientationPortraitUpsideDown";
				IPHONEOS_DEPLOYMENT_TARGET = 13.0;
				LD_RUNPATH_SEARCH_PATHS = (
					"$(inherited)",
					"@executable_path/Frameworks",
				);
				MARKETING_VERSION = 1.0;
				PRODUCT_BUNDLE_IDENTIFIER = com.ojidaemo.Millionaire;
				PRODUCT_NAME = "$(TARGET_NAME)";
				SUPPORTED_PLATFORMS = "iphoneos iphonesimulator";
				SUPPORTS_MACCATALYST = NO;
				SUPPORTS_MAC_DESIGNED_FOR_IPHONE_IPAD = NO;
				SWIFT_EMIT_LOC_STRINGS = YES;
				SWIFT_VERSION = 5.0;
				TARGETED_DEVICE_FAMILY = 1;
			};
			name = Release;
		};
/* End XCBuildConfiguration section */

/* Begin XCConfigurationList section */
		879103132990FD6D00E6CE83 /* Build configuration list for PBXProject "Millionaire" */ = {
			isa = XCConfigurationList;
			buildConfigurations = (
				8791032A2990FD6E00E6CE83 /* Debug */,
				8791032B2990FD6E00E6CE83 /* Release */,
			);
			defaultConfigurationIsVisible = 0;
			defaultConfigurationName = Release;
		};
		8791032C2990FD6E00E6CE83 /* Build configuration list for PBXNativeTarget "Millionaire" */ = {
			isa = XCConfigurationList;
			buildConfigurations = (
				8791032D2990FD6E00E6CE83 /* Debug */,
				8791032E2990FD6E00E6CE83 /* Release */,
			);
			defaultConfigurationIsVisible = 0;
			defaultConfigurationName = Release;
		};
/* End XCConfigurationList section */
	};
	rootObject = 879103102990FD6D00E6CE83 /* Project object */;
}
